
Microsoft Visual Studio Solution File, Format Version 12.00
# Visual Studio Version 17
VisualStudioVersion = 17.2.32616.157
MinimumVisualStudioVersion = 10.0.40219.1
Project("{FAE04EC0-301F-11D3-BF4B-00C04F79EFBC}") = "UnijorgeDesafio", "UnijorgeDesafio\UnijorgeDesafio.csproj", "{1CC3AF07-2F9B-453A-A219-696C2E1A0539}"
EndProject
Global
	GlobalSection(SolutionConfigurationPlatforms) = preSolution
		Debug|Any CPU = Debug|Any CPU
		Release|Any CPU = Release|Any CPU
	EndGlobalSection
	GlobalSection(ProjectConfigurationPlatforms) = postSolution
		{1CC3AF07-2F9B-453A-A219-696C2E1A0539}.Debug|Any CPU.ActiveCfg = Debug|Any CPU
		{1CC3AF07-2F9B-453A-A219-696C2E1A0539}.Debug|Any CPU.Build.0 = Debug|Any CPU
		{1CC3AF07-2F9B-453A-A219-696C2E1A0539}.Release|Any CPU.ActiveCfg = Release|Any CPU
		{1CC3AF07-2F9B-453A-A219-696C2E1A0539}.Release|Any CPU.Build.0 = Release|Any CPU
	EndGlobalSection
	GlobalSection(SolutionProperties) = preSolution
		HideSolutionNode = FALSE
	EndGlobalSection
	GlobalSection(ExtensibilityGlobals) = postSolution
		SolutionGuid = {90E12A40-C689-4492-A810-2A5C6F30C36B}
	EndGlobalSection
EndGlobal
